
Microsoft Visual Studio Solution File, Format Version 12.00
# Visual Studio Version 17
VisualStudioVersion = 17.7.34031.279
MinimumVisualStudioVersion = 10.0.40219.1
Project("{8BC9CEB8-8B4A-11D0-8D11-00A0C91BC942}") = "MyArray", "MyArray.vcxproj", "{909B82D8-A9D0-477E-9D58-6D7CFA35C50F}"
EndProject
Global
	GlobalSection(SolutionConfigurationPlatforms) = preSolution
		Debug|x64 = Debug|x64
		Debug|x86 = Debug|x86
		Release|x64 = Release|x64
		Release|x86 = Release|x86
	EndGlobalSection
	GlobalSection(ProjectConfigurationPlatforms) = postSolution
		{909B82D8-A9D0-477E-9D58-6D7CFA35C50F}.Debug|x64.ActiveCfg = Debug|x64
		{909B82D8-A9D0-477E-9D58-6D7CFA35C50F}.Debug|x64.Build.0 = Debug|x64
		{909B82D8-A9D0-477E-9D58-6D7CFA35C50F}.Debug|x86.ActiveCfg = Debug|Win32
		{909B82D8-A9D0-477E-9D58-6D7CFA35C50F}.Debug|x86.Build.0 = Debug|Win32
		{909B82D8-A9D0-477E-9D58-6D7CFA35C50F}.Release|x64.ActiveCfg = Release|x64
		{909B82D8-A9D0-477E-9D58-6D7CFA35C50F}.Release|x64.Build.0 = Release|x64
		{909B82D8-A9D0-477E-9D58-6D7CFA35C50F}.Release|x86.ActiveCfg = Release|Win32
		{909B82D8-A9D0-477E-9D58-6D7CFA35C50F}.Release|x86.Build.0 = Release|Win32
	EndGlobalSection
	GlobalSection(SolutionProperties) = preSolution
		HideSolutionNode = FALSE
	EndGlobalSection
	GlobalSection(ExtensibilityGlobals) = postSolution
		SolutionGuid = {98895F92-A5C8-408C-8D15-1D2CBB47425F}
	EndGlobalSection
EndGlobal
