
Microsoft Visual Studio Solution File, Format Version 12.00
# Visual Studio Version 17
VisualStudioVersion = 17.7.34031.279
MinimumVisualStudioVersion = 10.0.40219.1
Project("{8BC9CEB8-8B4A-11D0-8D11-00A0C91BC942}") = "dictionary", "dictionary.vcxproj", "{89A1AC98-97E5-48F3-B4FE-885E8E91A947}"
EndProject
Project("{8BC9CEB8-8B4A-11D0-8D11-00A0C91BC942}") = "testDictionary", "..\testDictionary\testDictionary.vcxproj", "{183FC976-6A11-4084-B137-F2E2F5D5E3A5}"
EndProject
Global
	GlobalSection(SolutionConfigurationPlatforms) = preSolution
		Debug|x64 = Debug|x64
		Debug|x86 = Debug|x86
		Release|x64 = Release|x64
		Release|x86 = Release|x86
	EndGlobalSection
	GlobalSection(ProjectConfigurationPlatforms) = postSolution
		{89A1AC98-97E5-48F3-B4FE-885E8E91A947}.Debug|x64.ActiveCfg = Debug|x64
		{89A1AC98-97E5-48F3-B4FE-885E8E91A947}.Debug|x64.Build.0 = Debug|x64
		{89A1AC98-97E5-48F3-B4FE-885E8E91A947}.Debug|x86.ActiveCfg = Debug|Win32
		{89A1AC98-97E5-48F3-B4FE-885E8E91A947}.Debug|x86.Build.0 = Debug|Win32
		{89A1AC98-97E5-48F3-B4FE-885E8E91A947}.Release|x64.ActiveCfg = Release|x64
		{89A1AC98-97E5-48F3-B4FE-885E8E91A947}.Release|x64.Build.0 = Release|x64
		{89A1AC98-97E5-48F3-B4FE-885E8E91A947}.Release|x86.ActiveCfg = Release|Win32
		{89A1AC98-97E5-48F3-B4FE-885E8E91A947}.Release|x86.Build.0 = Release|Win32
		{183FC976-6A11-4084-B137-F2E2F5D5E3A5}.Debug|x64.ActiveCfg = Debug|x64
		{183FC976-6A11-4084-B137-F2E2F5D5E3A5}.Debug|x64.Build.0 = Debug|x64
		{183FC976-6A11-4084-B137-F2E2F5D5E3A5}.Debug|x86.ActiveCfg = Debug|Win32
		{183FC976-6A11-4084-B137-F2E2F5D5E3A5}.Debug|x86.Build.0 = Debug|Win32
		{183FC976-6A11-4084-B137-F2E2F5D5E3A5}.Release|x64.ActiveCfg = Release|x64
		{183FC976-6A11-4084-B137-F2E2F5D5E3A5}.Release|x64.Build.0 = Release|x64
		{183FC976-6A11-4084-B137-F2E2F5D5E3A5}.Release|x86.ActiveCfg = Release|Win32
		{183FC976-6A11-4084-B137-F2E2F5D5E3A5}.Release|x86.Build.0 = Release|Win32
	EndGlobalSection
	GlobalSection(SolutionProperties) = preSolution
		HideSolutionNode = FALSE
	EndGlobalSection
	GlobalSection(ExtensibilityGlobals) = postSolution
		SolutionGuid = {D6C72F18-5B63-4C46-8FE9-9735E6161684}
	EndGlobalSection
EndGlobal
